# This file is automatically @generated by Cargo.
# It is not intended for manual editing.
version = 4

[[package]]
name = "nre-policy-guest"
version = "0.1.0"

[[package]]
name = "sakullla-ip-policy"
version = "0.1.0"
dependencies = [
 "nre-policy-guest",
]

[[package]]
name = "sakullla-waf"
version = "0.1.0"
dependencies = [
 "nre-policy-guest",
]

[[package]]
name = "sakullla-workspace-anchor"
version = "0.0.0"
